
Microsoft Visual Studio Solution File, Format Version 12.00
# Visual Studio Version 17
VisualStudioVersion = 17.4.33205.214
MinimumVisualStudioVersion = 10.0.40219.1
Project("{9A19103F-16F7-4668-BE54-9A1E7A4F7556}") = "CourseManagementSystem", "CourseManagementSystem.csproj", "{8954C6C4-DADE-4939-B572-634E8CDF2226}"
EndProject
Global
	GlobalSection(SolutionConfigurationPlatforms) = preSolution
		Debug|Any CPU = Debug|Any CPU
		Release|Any CPU = Release|Any CPU
	EndGlobalSection
	GlobalSection(ProjectConfigurationPlatforms) = postSolution
		{8954C6C4-DADE-4939-B572-634E8CDF2226}.Debug|Any CPU.ActiveCfg = Debug|Any CPU
		{8954C6C4-DADE-4939-B572-634E8CDF2226}.Debug|Any CPU.Build.0 = Debug|Any CPU
		{8954C6C4-DADE-4939-B572-634E8CDF2226}.Release|Any CPU.ActiveCfg = Release|Any CPU
		{8954C6C4-DADE-4939-B572-634E8CDF2226}.Release|Any CPU.Build.0 = Release|Any CPU
	EndGlobalSection
	GlobalSection(SolutionProperties) = preSolution
		HideSolutionNode = FALSE
	EndGlobalSection
	GlobalSection(ExtensibilityGlobals) = postSolution
		SolutionGuid = {95D58D60-7D2D-4443-83B8-75CBEE7970E3}
	EndGlobalSection
EndGlobal
